
Microsoft Visual Studio Solution File, Format Version 12.00
# Visual Studio Version 17
VisualStudioVersion = 17.14.36202.13 d17.14
MinimumVisualStudioVersion = 10.0.40219.1
Project("{888888A0-9F3D-457C-B088-3A5042F75D52}") = "ElevatorDemo", "ElevatorDemo.pyproj", "{97AEF640-4EC9-4550-B4B8-A0FFB86B3DE1}"
EndProject
Global
	GlobalSection(SolutionConfigurationPlatforms) = preSolution
		Debug|Any CPU = Debug|Any CPU
		Release|Any CPU = Release|Any CPU
	EndGlobalSection
	GlobalSection(ProjectConfigurationPlatforms) = postSolution
		{97AEF640-4EC9-4550-B4B8-A0FFB86B3DE1}.Debug|Any CPU.ActiveCfg = Debug|Any CPU
		{97AEF640-4EC9-4550-B4B8-A0FFB86B3DE1}.Release|Any CPU.ActiveCfg = Release|Any CPU
	EndGlobalSection
	GlobalSection(SolutionProperties) = preSolution
		HideSolutionNode = FALSE
	EndGlobalSection
	GlobalSection(ExtensibilityGlobals) = postSolution
		SolutionGuid = {A6E7E19D-7263-4756-9476-32EDB2E5B5F6}
	EndGlobalSection
EndGlobal
